// !$*UTF8*$!
{
	archiveVersion = 1;
	classes = {
	};
	objectVersion = 56;
	objects = {

/* Begin PBXBuildFile section */
		9602DD072AAB802B00B2303E /* ToastView.swift in Sources */ = {isa = PBXBuildFile; fileRef = 9602DD062AAB802B00B2303E /* ToastView.swift */; };
		9602DD092AAB95B100B2303E /* ToastViewModel.swift in Sources */ = {isa = PBXBuildFile; fileRef = 9602DD082AAB95B100B2303E /* ToastViewModel.swift */; };
		9602DD0B2AAE142C00B2303E /* NotificationViewModel.swift in Sources */ = {isa = PBXBuildFile; fileRef = 9602DD0A2AAE142C00B2303E /* NotificationViewModel.swift */; };
		9602DD0D2AAE145700B2303E /* NotificationRepository.swift in Sources */ = {isa = PBXBuildFile; fileRef = 9602DD0C2AAE145700B2303E /* NotificationRepository.swift */; };
		9602DD0F2AAE17E200B2303E /* NotificationUsesCase.swift in Sources */ = {isa = PBXBuildFile; fileRef = 9602DD0E2AAE17E200B2303E /* NotificationUsesCase.swift */; };
		964450192AA2D80400EB116E /* HolidaysssApp.swift in Sources */ = {isa = PBXBuildFile; fileRef = 964450182AA2D80400EB116E /* HolidaysssApp.swift */; };
		9644501B2AA2D80400EB116E /* ContentView.swift in Sources */ = {isa = PBXBuildFile; fileRef = 9644501A2AA2D80400EB116E /* ContentView.swift */; };
		9644501D2AA2D80800EB116E /* Assets.xcassets in Resources */ = {isa = PBXBuildFile; fileRef = 9644501C2AA2D80800EB116E /* Assets.xcassets */; };
		964450202AA2D80800EB116E /* Preview Assets.xcassets in Resources */ = {isa = PBXBuildFile; fileRef = 9644501F2AA2D80800EB116E /* Preview Assets.xcassets */; };
		9644502A2AA2D80900EB116E /* HolidaysssTests.swift in Sources */ = {isa = PBXBuildFile; fileRef = 964450292AA2D80900EB116E /* HolidaysssTests.swift */; };
		964450342AA2D80900EB116E /* HolidaysssUITests.swift in Sources */ = {isa = PBXBuildFile; fileRef = 964450332AA2D80900EB116E /* HolidaysssUITests.swift */; };
		964450362AA2D80900EB116E /* HolidaysssUITestsLaunchTests.swift in Sources */ = {isa = PBXBuildFile; fileRef = 964450352AA2D80900EB116E /* HolidaysssUITestsLaunchTests.swift */; };
		964450492AA3F7AE00EB116E /* Holiday.swift in Sources */ = {isa = PBXBuildFile; fileRef = 964450482AA3F7AE00EB116E /* Holiday.swift */; };
		9644504B2AA3F94700EB116E /* HolidayViewModel.swift in Sources */ = {isa = PBXBuildFile; fileRef = 9644504A2AA3F94700EB116E /* HolidayViewModel.swift */; };
		9644504E2AA5517E00EB116E /* URL+Extensions.swift in Sources */ = {isa = PBXBuildFile; fileRef = 9644504D2AA5517E00EB116E /* URL+Extensions.swift */; };
		964450512AA633FD00EB116E /* NET in Frameworks */ = {isa = PBXBuildFile; productRef = 964450502AA633FD00EB116E /* NET */; };
		964FC6E62ABB580B00A8B0CB /* WebView.swift in Sources */ = {isa = PBXBuildFile; fileRef = 964FC6E52ABB580B00A8B0CB /* WebView.swift */; };
		964FC6E82ABB84EA00A8B0CB /* UIDevice+Extensions.swift in Sources */ = {isa = PBXBuildFile; fileRef = 964FC6E72ABB84EA00A8B0CB /* UIDevice+Extensions.swift */; };
		964FC6EA2ABB93D200A8B0CB /* Dictionary+Extensions.swift in Sources */ = {isa = PBXBuildFile; fileRef = 964FC6E92ABB93D200A8B0CB /* Dictionary+Extensions.swift */; };
		96944E5A2AA64082005C7918 /* HolidayListView.swift in Sources */ = {isa = PBXBuildFile; fileRef = 96944E592AA64082005C7918 /* HolidayListView.swift */; };
		96944E5C2AA64B7E005C7918 /* Date+Extensions.swift in Sources */ = {isa = PBXBuildFile; fileRef = 96944E5B2AA64B7E005C7918 /* Date+Extensions.swift */; };
		96944E5E2AA650D3005C7918 /* DateViewModel.swift in Sources */ = {isa = PBXBuildFile; fileRef = 96944E5D2AA650D3005C7918 /* DateViewModel.swift */; };
		96944E602AA652AA005C7918 /* View+Extensions.swift in Sources */ = {isa = PBXBuildFile; fileRef = 96944E5F2AA652AA005C7918 /* View+Extensions.swift */; };
		96944E632AA660E7005C7918 /* HolidayCell.swift in Sources */ = {isa = PBXBuildFile; fileRef = 96944E622AA660E7005C7918 /* HolidayCell.swift */; };
		96944E652AA665DA005C7918 /* String+Extensions.swift in Sources */ = {isa = PBXBuildFile; fileRef = 96944E642AA665DA005C7918 /* String+Extensions.swift */; };
		96944E672AA676F3005C7918 /* StickyHeaderView.swift in Sources */ = {isa = PBXBuildFile; fileRef = 96944E662AA676F3005C7918 /* StickyHeaderView.swift */; };
		969458642AA6ADA2005C7918 /* Localizable.strings in Resources */ = {isa = PBXBuildFile; fileRef = 969458622AA6ADA2005C7918 /* Localizable.strings */; };
		969458682AA6AE4F005C7918 /* Localizable.strings in Resources */ = {isa = PBXBuildFile; fileRef = 969458662AA6AE4F005C7918 /* Localizable.strings */; };
		96A4B79C2AA7832300E332AE /* SplashView.swift in Sources */ = {isa = PBXBuildFile; fileRef = 96A4B79B2AA7832300E332AE /* SplashView.swift */; };
		96A4B7A22AA7898D00E332AE /* Lottie in Frameworks */ = {isa = PBXBuildFile; productRef = 96A4B7A12AA7898D00E332AE /* Lottie */; };
		96A4B7A52AA78A0600E332AE /* LottieView.swift in Sources */ = {isa = PBXBuildFile; fileRef = 96A4B7A42AA78A0600E332AE /* LottieView.swift */; };
		96A4B7A92AA78B7A00E332AE /* wine.json in Resources */ = {isa = PBXBuildFile; fileRef = 96A4B7A82AA78B7A00E332AE /* wine.json */; };
		96A4B7AC2AA79FE700E332AE /* NotificationManager.swift in Sources */ = {isa = PBXBuildFile; fileRef = 96A4B7AB2AA79FE700E332AE /* NotificationManager.swift */; };
		96A4B7B42AAA29FD00E332AE /* Holiday+Extensions.swift in Sources */ = {isa = PBXBuildFile; fileRef = 96A4B7B32AAA29FD00E332AE /* Holiday+Extensions.swift */; };
		96A4B7B62AAA2A5800E332AE /* GetHolidaysUseCase.swift in Sources */ = {isa = PBXBuildFile; fileRef = 96A4B7B52AAA2A5800E332AE /* GetHolidaysUseCase.swift */; };
		96A4B7B92AAA377100E332AE /* HolidayRepository.swift in Sources */ = {isa = PBXBuildFile; fileRef = 96A4B7B82AAA377100E332AE /* HolidayRepository.swift */; };
/* End PBXBuildFile section */

/* Begin PBXContainerItemProxy section */
		964450262AA2D80900EB116E /* PBXContainerItemProxy */ = {
			isa = PBXContainerItemProxy;
			containerPortal = 9644500D2AA2D80300EB116E /* Project object */;
			proxyType = 1;
			remoteGlobalIDString = 964450142AA2D80300EB116E;
			remoteInfo = Holidaysss;
		};
		964450302AA2D80900EB116E /* PBXContainerItemProxy */ = {
			isa = PBXContainerItemProxy;
			containerPortal = 9644500D2AA2D80300EB116E /* Project object */;
			proxyType = 1;
			remoteGlobalIDString = 964450142AA2D80300EB116E;
			remoteInfo = Holidaysss;
		};
/* End PBXContainerItemProxy section */

/* Begin PBXFileReference section */
		9602DD062AAB802B00B2303E /* ToastView.swift */ = {isa = PBXFileReference; fileEncoding = 4; lastKnownFileType = sourcecode.swift; path = ToastView.swift; sourceTree = "<group>"; };
		9602DD082AAB95B100B2303E /* ToastViewModel.swift */ = {isa = PBXFileReference; lastKnownFileType = sourcecode.swift; path = ToastViewModel.swift; sourceTree = "<group>"; };
		9602DD0A2AAE142C00B2303E /* NotificationViewModel.swift */ = {isa = PBXFileReference; lastKnownFileType = sourcecode.swift; path = NotificationViewModel.swift; sourceTree = "<group>"; };
		9602DD0C2AAE145700B2303E /* NotificationRepository.swift */ = {isa = PBXFileReference; lastKnownFileType = sourcecode.swift; path = NotificationRepository.swift; sourceTree = "<group>"; };
		9602DD0E2AAE17E200B2303E /* NotificationUsesCase.swift */ = {isa = PBXFileReference; lastKnownFileType = sourcecode.swift; path = NotificationUsesCase.swift; sourceTree = "<group>"; };
		964450152AA2D80300EB116E /* Holidaysss.app */ = {isa = PBXFileReference; explicitFileType = wrapper.application; includeInIndex = 0; path = Holidaysss.app; sourceTree = BUILT_PRODUCTS_DIR; };
		964450182AA2D80400EB116E /* HolidaysssApp.swift */ = {isa = PBXFileReference; lastKnownFileType = sourcecode.swift; path = HolidaysssApp.swift; sourceTree = "<group>"; };
		9644501A2AA2D80400EB116E /* ContentView.swift */ = {isa = PBXFileReference; lastKnownFileType = sourcecode.swift; path = ContentView.swift; sourceTree = "<group>"; };
		9644501C2AA2D80800EB116E /* Assets.xcassets */ = {isa = PBXFileReference; lastKnownFileType = folder.assetcatalog; path = Assets.xcassets; sourceTree = "<group>"; };
		9644501F2AA2D80800EB116E /* Preview Assets.xcassets */ = {isa = PBXFileReference; lastKnownFileType = folder.assetcatalog; path = "Preview Assets.xcassets"; sourceTree = "<group>"; };
		964450252AA2D80900EB116E /* HolidaysssTests.xctest */ = {isa = PBXFileReference; explicitFileType = wrapper.cfbundle; includeInIndex = 0; path = HolidaysssTests.xctest; sourceTree = BUILT_PRODUCTS_DIR; };
		964450292AA2D80900EB116E /* HolidaysssTests.swift */ = {isa = PBXFileReference; lastKnownFileType = sourcecode.swift; path = HolidaysssTests.swift; sourceTree = "<group>"; };
		9644502F2AA2D80900EB116E /* HolidaysssUITests.xctest */ = {isa = PBXFileReference; explicitFileType = wrapper.cfbundle; includeInIndex = 0; path = HolidaysssUITests.xctest; sourceTree = BUILT_PRODUCTS_DIR; };
		964450332AA2D80900EB116E /* HolidaysssUITests.swift */ = {isa = PBXFileReference; lastKnownFileType = sourcecode.swift; path = HolidaysssUITests.swift; sourceTree = "<group>"; };
		964450352AA2D80900EB116E /* HolidaysssUITestsLaunchTests.swift */ = {isa = PBXFileReference; lastKnownFileType = sourcecode.swift; path = HolidaysssUITestsLaunchTests.swift; sourceTree = "<group>"; };
		964450482AA3F7AE00EB116E /* Holiday.swift */ = {isa = PBXFileReference; lastKnownFileType = sourcecode.swift; path = Holiday.swift; sourceTree = "<group>"; };
		9644504A2AA3F94700EB116E /* HolidayViewModel.swift */ = {isa = PBXFileReference; lastKnownFileType = sourcecode.swift; path = HolidayViewModel.swift; sourceTree = "<group>"; };
		9644504D2AA5517E00EB116E /* URL+Extensions.swift */ = {isa = PBXFileReference; lastKnownFileType = sourcecode.swift; path = "URL+Extensions.swift"; sourceTree = "<group>"; };
		964FC6E52ABB580B00A8B0CB /* WebView.swift */ = {isa = PBXFileReference; lastKnownFileType = sourcecode.swift; path = WebView.swift; sourceTree = "<group>"; };
		964FC6E72ABB84EA00A8B0CB /* UIDevice+Extensions.swift */ = {isa = PBXFileReference; lastKnownFileType = sourcecode.swift; path = "UIDevice+Extensions.swift"; sourceTree = "<group>"; };
		964FC6E92ABB93D200A8B0CB /* Dictionary+Extensions.swift */ = {isa = PBXFileReference; lastKnownFileType = sourcecode.swift; path = "Dictionary+Extensions.swift"; sourceTree = "<group>"; };
		96944E592AA64082005C7918 /* HolidayListView.swift */ = {isa = PBXFileReference; lastKnownFileType = sourcecode.swift; path = HolidayListView.swift; sourceTree = "<group>"; };
		96944E5B2AA64B7E005C7918 /* Date+Extensions.swift */ = {isa = PBXFileReference; lastKnownFileType = sourcecode.swift; path = "Date+Extensions.swift"; sourceTree = "<group>"; };
		96944E5D2AA650D3005C7918 /* DateViewModel.swift */ = {isa = PBXFileReference; lastKnownFileType = sourcecode.swift; path = DateViewModel.swift; sourceTree = "<group>"; };
		96944E5F2AA652AA005C7918 /* View+Extensions.swift */ = {isa = PBXFileReference; lastKnownFileType = sourcecode.swift; path = "View+Extensions.swift"; sourceTree = "<group>"; };
		96944E622AA660E7005C7918 /* HolidayCell.swift */ = {isa = PBXFileReference; lastKnownFileType = sourcecode.swift; path = HolidayCell.swift; sourceTree = "<group>"; };
		96944E642AA665DA005C7918 /* String+Extensions.swift */ = {isa = PBXFileReference; lastKnownFileType = sourcecode.swift; path = "String+Extensions.swift"; sourceTree = "<group>"; };
		96944E662AA676F3005C7918 /* StickyHeaderView.swift */ = {isa = PBXFileReference; lastKnownFileType = sourcecode.swift; path = StickyHeaderView.swift; sourceTree = "<group>"; };
		969458632AA6ADA2005C7918 /* en-US */ = {isa = PBXFileReference; lastKnownFileType = text.plist.strings; name = "en-US"; path = Localizable.strings; sourceTree = "<group>"; };
		969458672AA6AE4F005C7918 /* es-419 */ = {isa = PBXFileReference; lastKnownFileType = text.plist.strings; name = "es-419"; path = Localizable.strings; sourceTree = "<group>"; };
		96A4B79B2AA7832300E332AE /* SplashView.swift */ = {isa = PBXFileReference; lastKnownFileType = sourcecode.swift; path = SplashView.swift; sourceTree = "<group>"; };
		96A4B7A42AA78A0600E332AE /* LottieView.swift */ = {isa = PBXFileReference; lastKnownFileType = sourcecode.swift; path = LottieView.swift; sourceTree = "<group>"; };
		96A4B7A82AA78B7A00E332AE /* wine.json */ = {isa = PBXFileReference; fileEncoding = 4; lastKnownFileType = text.json; path = wine.json; sourceTree = "<group>"; };
		96A4B7AB2AA79FE700E332AE /* NotificationManager.swift */ = {isa = PBXFileReference; lastKnownFileType = sourcecode.swift; path = NotificationManager.swift; sourceTree = "<group>"; };
		96A4B7B32AAA29FD00E332AE /* Holiday+Extensions.swift */ = {isa = PBXFileReference; lastKnownFileType = sourcecode.swift; path = "Holiday+Extensions.swift"; sourceTree = "<group>"; };
		96A4B7B52AAA2A5800E332AE /* GetHolidaysUseCase.swift */ = {isa = PBXFileReference; lastKnownFileType = sourcecode.swift; path = GetHolidaysUseCase.swift; sourceTree = "<group>"; };
		96A4B7B82AAA377100E332AE /* HolidayRepository.swift */ = {isa = PBXFileReference; lastKnownFileType = sourcecode.swift; path = HolidayRepository.swift; sourceTree = "<group>"; };
/* End PBXFileReference section */

/* Begin PBXFrameworksBuildPhase section */
		964450122AA2D80300EB116E /* Frameworks */ = {
			isa = PBXFrameworksBuildPhase;
			buildActionMask = 2147483647;
			files = (
				964450512AA633FD00EB116E /* NET in Frameworks */,
				96A4B7A22AA7898D00E332AE /* Lottie in Frameworks */,
			);
			runOnlyForDeploymentPostprocessing = 0;
		};
		964450222AA2D80900EB116E /* Frameworks */ = {
			isa = PBXFrameworksBuildPhase;
			buildActionMask = 2147483647;
			files = (
			);
			runOnlyForDeploymentPostprocessing = 0;
		};
		9644502C2AA2D80900EB116E /* Frameworks */ = {
			isa = PBXFrameworksBuildPhase;
			buildActionMask = 2147483647;
			files = (
			);
			runOnlyForDeploymentPostprocessing = 0;
		};
/* End PBXFrameworksBuildPhase section */

/* Begin PBXGroup section */
		9644500C2AA2D80300EB116E = {
			isa = PBXGroup;
			children = (
				964450172AA2D80400EB116E /* Holidaysss */,
				964450282AA2D80900EB116E /* HolidaysssTests */,
				964450322AA2D80900EB116E /* HolidaysssUITests */,
				964450162AA2D80300EB116E /* Products */,
			);
			sourceTree = "<group>";
		};
		964450162AA2D80300EB116E /* Products */ = {
			isa = PBXGroup;
			children = (
				964450152AA2D80300EB116E /* Holidaysss.app */,
				964450252AA2D80900EB116E /* HolidaysssTests.xctest */,
				9644502F2AA2D80900EB116E /* HolidaysssUITests.xctest */,
			);
			name = Products;
			sourceTree = "<group>";
		};
		964450172AA2D80400EB116E /* Holidaysss */ = {
			isa = PBXGroup;
			children = (
				96A4B7B72AAA2D8700E332AE /* Repository */,
				96A4B7B02AAA27CB00E332AE /* UsesCases */,
				96A4B7AA2AA79FD300E332AE /* Notification */,
				96A4B7A32AA789B300E332AE /* Lottie */,
				9694585F2AA6ACB9005C7918 /* Resoruces */,
				9644504C2AA5516D00EB116E /* Extensions */,
				964450472AA3F79200EB116E /* Views */,
				964450462AA3F78B00EB116E /* ViewModels */,
				964450452AA3F78600EB116E /* Models */,
				964450182AA2D80400EB116E /* HolidaysssApp.swift */,
				9644501C2AA2D80800EB116E /* Assets.xcassets */,
				9644501E2AA2D80800EB116E /* Preview Content */,
			);
			path = Holidaysss;
			sourceTree = "<group>";
		};
		9644501E2AA2D80800EB116E /* Preview Content */ = {
			isa = PBXGroup;
			children = (
				9644501F2AA2D80800EB116E /* Preview Assets.xcassets */,
			);
			path = "Preview Content";
			sourceTree = "<group>";
		};
		964450282AA2D80900EB116E /* HolidaysssTests */ = {
			isa = PBXGroup;
			children = (
				964450292AA2D80900EB116E /* HolidaysssTests.swift */,
			);
			path = HolidaysssTests;
			sourceTree = "<group>";
		};
		964450322AA2D80900EB116E /* HolidaysssUITests */ = {
			isa = PBXGroup;
			children = (
				964450332AA2D80900EB116E /* HolidaysssUITests.swift */,
				964450352AA2D80900EB116E /* HolidaysssUITestsLaunchTests.swift */,
			);
			path = HolidaysssUITests;
			sourceTree = "<group>";
		};
		964450452AA3F78600EB116E /* Models */ = {
			isa = PBXGroup;
			children = (
				964450482AA3F7AE00EB116E /* Holiday.swift */,
			);
			path = Models;
			sourceTree = "<group>";
		};
		964450462AA3F78B00EB116E /* ViewModels */ = {
			isa = PBXGroup;
			children = (
				9644504A2AA3F94700EB116E /* HolidayViewModel.swift */,
				96944E5D2AA650D3005C7918 /* DateViewModel.swift */,
				9602DD082AAB95B100B2303E /* ToastViewModel.swift */,
				9602DD0A2AAE142C00B2303E /* NotificationViewModel.swift */,
			);
			path = ViewModels;
			sourceTree = "<group>";
		};
		964450472AA3F79200EB116E /* Views */ = {
			isa = PBXGroup;
			children = (
				96944E612AA660D4005C7918 /* Cell */,
				9644501A2AA2D80400EB116E /* ContentView.swift */,
				96944E592AA64082005C7918 /* HolidayListView.swift */,
				96944E662AA676F3005C7918 /* StickyHeaderView.swift */,
				96A4B79B2AA7832300E332AE /* SplashView.swift */,
				9602DD062AAB802B00B2303E /* ToastView.swift */,
				964FC6E52ABB580B00A8B0CB /* WebView.swift */,
			);
			path = Views;
			sourceTree = "<group>";
		};
		9644504C2AA5516D00EB116E /* Extensions */ = {
			isa = PBXGroup;
			children = (
				9644504D2AA5517E00EB116E /* URL+Extensions.swift */,
				96944E5B2AA64B7E005C7918 /* Date+Extensions.swift */,
				96944E5F2AA652AA005C7918 /* View+Extensions.swift */,
				96944E642AA665DA005C7918 /* String+Extensions.swift */,
				96A4B7B32AAA29FD00E332AE /* Holiday+Extensions.swift */,
				964FC6E72ABB84EA00A8B0CB /* UIDevice+Extensions.swift */,
				964FC6E92ABB93D200A8B0CB /* Dictionary+Extensions.swift */,
			);
			path = Extensions;
			sourceTree = "<group>";
		};
		96944E612AA660D4005C7918 /* Cell */ = {
			isa = PBXGroup;
			children = (
				96944E622AA660E7005C7918 /* HolidayCell.swift */,
			);
			path = Cell;
			sourceTree = "<group>";
		};
		9694585F2AA6ACB9005C7918 /* Resoruces */ = {
			isa = PBXGroup;
			children = (
				969458612AA6AD51005C7918 /* es-419.lproj */,
				969458602AA6AD21005C7918 /* en-US.lproj */,
			);
			path = Resoruces;
			sourceTree = "<group>";
		};
		969458602AA6AD21005C7918 /* en-US.lproj */ = {
			isa = PBXGroup;
			children = (
				969458622AA6ADA2005C7918 /* Localizable.strings */,
			);
			path = "en-US.lproj";
			sourceTree = "<group>";
		};
		969458612AA6AD51005C7918 /* es-419.lproj */ = {
			isa = PBXGroup;
			children = (
				969458662AA6AE4F005C7918 /* Localizable.strings */,
			);
			path = "es-419.lproj";
			sourceTree = "<group>";
		};
		96A4B7A32AA789B300E332AE /* Lottie */ = {
			isa = PBXGroup;
			children = (
				96A4B7A82AA78B7A00E332AE /* wine.json */,
				96A4B7A42AA78A0600E332AE /* LottieView.swift */,
			);
			path = Lottie;
			sourceTree = "<group>";
		};
		96A4B7AA2AA79FD300E332AE /* Notification */ = {
			isa = PBXGroup;
			children = (
				96A4B7AB2AA79FE700E332AE /* NotificationManager.swift */,
			);
			path = Notification;
			sourceTree = "<group>";
		};
		96A4B7B02AAA27CB00E332AE /* UsesCases */ = {
			isa = PBXGroup;
			children = (
				96A4B7B52AAA2A5800E332AE /* GetHolidaysUseCase.swift */,
				9602DD0E2AAE17E200B2303E /* NotificationUsesCase.swift */,
			);
			path = UsesCases;
			sourceTree = "<group>";
		};
		96A4B7B72AAA2D8700E332AE /* Repository */ = {
			isa = PBXGroup;
			children = (
				96A4B7B82AAA377100E332AE /* HolidayRepository.swift */,
				9602DD0C2AAE145700B2303E /* NotificationRepository.swift */,
			);
			path = Repository;
			sourceTree = "<group>";
		};
/* End PBXGroup section */

/* Begin PBXNativeTarget section */
		964450142AA2D80300EB116E /* Holidaysss */ = {
			isa = PBXNativeTarget;
			buildConfigurationList = 964450392AA2D80900EB116E /* Build configuration list for PBXNativeTarget "Holidaysss" */;
			buildPhases = (
				964450112AA2D80300EB116E /* Sources */,
				964450122AA2D80300EB116E /* Frameworks */,
				964450132AA2D80300EB116E /* Resources */,
			);
			buildRules = (
			);
			dependencies = (
			);
			name = Holidaysss;
			packageProductDependencies = (
				964450502AA633FD00EB116E /* NET */,
				96A4B7A12AA7898D00E332AE /* Lottie */,
			);
			productName = Holidaysss;
			productReference = 964450152AA2D80300EB116E /* Holidaysss.app */;
			productType = "com.apple.product-type.application";
		};
		964450242AA2D80900EB116E /* HolidaysssTests */ = {
			isa = PBXNativeTarget;
			buildConfigurationList = 9644503C2AA2D80900EB116E /* Build configuration list for PBXNativeTarget "HolidaysssTests" */;
			buildPhases = (
				964450212AA2D80900EB116E /* Sources */,
				964450222AA2D80900EB116E /* Frameworks */,
				964450232AA2D80900EB116E /* Resources */,
			);
			buildRules = (
			);
			dependencies = (
				964450272AA2D80900EB116E /* PBXTargetDependency */,
			);
			name = HolidaysssTests;
			productName = HolidaysssTests;
			productReference = 964450252AA2D80900EB116E /* HolidaysssTests.xctest */;
			productType = "com.apple.product-type.bundle.unit-test";
		};
		9644502E2AA2D80900EB116E /* HolidaysssUITests */ = {
			isa = PBXNativeTarget;
			buildConfigurationList = 9644503F2AA2D80900EB116E /* Build configuration list for PBXNativeTarget "HolidaysssUITests" */;
			buildPhases = (
				9644502B2AA2D80900EB116E /* Sources */,
				9644502C2AA2D80900EB116E /* Frameworks */,
				9644502D2AA2D80900EB116E /* Resources */,
			);
			buildRules = (
			);
			dependencies = (
				964450312AA2D80900EB116E /* PBXTargetDependency */,
			);
			name = HolidaysssUITests;
			productName = HolidaysssUITests;
			productReference = 9644502F2AA2D80900EB116E /* HolidaysssUITests.xctest */;
			productType = "com.apple.product-type.bundle.ui-testing";
		};
/* End PBXNativeTarget section */

/* Begin PBXProject section */
		9644500D2AA2D80300EB116E /* Project object */ = {
			isa = PBXProject;
			attributes = {
				BuildIndependentTargetsInParallel = 1;
				LastSwiftUpdateCheck = 1430;
				LastUpgradeCheck = 1430;
				TargetAttributes = {
					964450142AA2D80300EB116E = {
						CreatedOnToolsVersion = 14.3.1;
					};
					964450242AA2D80900EB116E = {
						CreatedOnToolsVersion = 14.3.1;
						TestTargetID = 964450142AA2D80300EB116E;
					};
					9644502E2AA2D80900EB116E = {
						CreatedOnToolsVersion = 14.3.1;
						TestTargetID = 964450142AA2D80300EB116E;
					};
				};
			};
			buildConfigurationList = 964450102AA2D80300EB116E /* Build configuration list for PBXProject "Holidaysss" */;
			compatibilityVersion = "Xcode 14.0";
			developmentRegion = en;
			hasScannedForEncodings = 0;
			knownRegions = (
				en,
				Base,
				"es-419",
				"en-US",
			);
			mainGroup = 9644500C2AA2D80300EB116E;
			packageReferences = (
				9644504F2AA633FD00EB116E /* XCRemoteSwiftPackageReference "NET" */,
				96A4B7A02AA7898D00E332AE /* XCRemoteSwiftPackageReference "lottie-ios" */,
			);
			productRefGroup = 964450162AA2D80300EB116E /* Products */;
			projectDirPath = "";
			projectRoot = "";
			targets = (
				964450142AA2D80300EB116E /* Holidaysss */,
				964450242AA2D80900EB116E /* HolidaysssTests */,
				9644502E2AA2D80900EB116E /* HolidaysssUITests */,
			);
		};
/* End PBXProject section */

/* Begin PBXResourcesBuildPhase section */
		964450132AA2D80300EB116E /* Resources */ = {
			isa = PBXResourcesBuildPhase;
			buildActionMask = 2147483647;
			files = (
				964450202AA2D80800EB116E /* Preview Assets.xcassets in Resources */,
				969458682AA6AE4F005C7918 /* Localizable.strings in Resources */,
				969458642AA6ADA2005C7918 /* Localizable.strings in Resources */,
				9644501D2AA2D80800EB116E /* Assets.xcassets in Resources */,
				96A4B7A92AA78B7A00E332AE /* wine.json in Resources */,
			);
			runOnlyForDeploymentPostprocessing = 0;
		};
		964450232AA2D80900EB116E /* Resources */ = {
			isa = PBXResourcesBuildPhase;
			buildActionMask = 2147483647;
			files = (
			);
			runOnlyForDeploymentPostprocessing = 0;
		};
		9644502D2AA2D80900EB116E /* Resources */ = {
			isa = PBXResourcesBuildPhase;
			buildActionMask = 2147483647;
			files = (
			);
			runOnlyForDeploymentPostprocessing = 0;
		};
/* End PBXResourcesBuildPhase section */

/* Begin PBXSourcesBuildPhase section */
		964450112AA2D80300EB116E /* Sources */ = {
			isa = PBXSourcesBuildPhase;
			buildActionMask = 2147483647;
			files = (
				96A4B7B62AAA2A5800E332AE /* GetHolidaysUseCase.swift in Sources */,
				96944E5E2AA650D3005C7918 /* DateViewModel.swift in Sources */,
				9602DD092AAB95B100B2303E /* ToastViewModel.swift in Sources */,
				96944E652AA665DA005C7918 /* String+Extensions.swift in Sources */,
				96A4B7A52AA78A0600E332AE /* LottieView.swift in Sources */,
				96944E602AA652AA005C7918 /* View+Extensions.swift in Sources */,
				964450492AA3F7AE00EB116E /* Holiday.swift in Sources */,
				96944E672AA676F3005C7918 /* StickyHeaderView.swift in Sources */,
				96944E5A2AA64082005C7918 /* HolidayListView.swift in Sources */,
				964FC6E62ABB580B00A8B0CB /* WebView.swift in Sources */,
				96944E632AA660E7005C7918 /* HolidayCell.swift in Sources */,
				9602DD072AAB802B00B2303E /* ToastView.swift in Sources */,
				96944E5C2AA64B7E005C7918 /* Date+Extensions.swift in Sources */,
				964FC6E82ABB84EA00A8B0CB /* UIDevice+Extensions.swift in Sources */,
				96A4B79C2AA7832300E332AE /* SplashView.swift in Sources */,
				9644501B2AA2D80400EB116E /* ContentView.swift in Sources */,
				9644504E2AA5517E00EB116E /* URL+Extensions.swift in Sources */,
				96A4B7B42AAA29FD00E332AE /* Holiday+Extensions.swift in Sources */,
				96A4B7AC2AA79FE700E332AE /* NotificationManager.swift in Sources */,
				9602DD0B2AAE142C00B2303E /* NotificationViewModel.swift in Sources */,
				9602DD0F2AAE17E200B2303E /* NotificationUsesCase.swift in Sources */,
				964450192AA2D80400EB116E /* HolidaysssApp.swift in Sources */,
				96A4B7B92AAA377100E332AE /* HolidayRepository.swift in Sources */,
				964FC6EA2ABB93D200A8B0CB /* Dictionary+Extensions.swift in Sources */,
				9602DD0D2AAE145700B2303E /* NotificationRepository.swift in Sources */,
				9644504B2AA3F94700EB116E /* HolidayViewModel.swift in Sources */,
			);
			runOnlyForDeploymentPostprocessing = 0;
		};
		964450212AA2D80900EB116E /* Sources */ = {
			isa = PBXSourcesBuildPhase;
			buildActionMask = 2147483647;
			files = (
				9644502A2AA2D80900EB116E /* HolidaysssTests.swift in Sources */,
			);
			runOnlyForDeploymentPostprocessing = 0;
		};
		9644502B2AA2D80900EB116E /* Sources */ = {
			isa = PBXSourcesBuildPhase;
			buildActionMask = 2147483647;
			files = (
				964450342AA2D80900EB116E /* HolidaysssUITests.swift in Sources */,
				964450362AA2D80900EB116E /* HolidaysssUITestsLaunchTests.swift in Sources */,
			);
			runOnlyForDeploymentPostprocessing = 0;
		};
/* End PBXSourcesBuildPhase section */

/* Begin PBXTargetDependency section */
		964450272AA2D80900EB116E /* PBXTargetDependency */ = {
			isa = PBXTargetDependency;
			target = 964450142AA2D80300EB116E /* Holidaysss */;
			targetProxy = 964450262AA2D80900EB116E /* PBXContainerItemProxy */;
		};
		964450312AA2D80900EB116E /* PBXTargetDependency */ = {
			isa = PBXTargetDependency;
			target = 964450142AA2D80300EB116E /* Holidaysss */;
			targetProxy = 964450302AA2D80900EB116E /* PBXContainerItemProxy */;
		};
/* End PBXTargetDependency section */

/* Begin PBXVariantGroup section */
		969458622AA6ADA2005C7918 /* Localizable.strings */ = {
			isa = PBXVariantGroup;
			children = (
				969458632AA6ADA2005C7918 /* en-US */,
			);
			name = Localizable.strings;
			sourceTree = "<group>";
		};
		969458662AA6AE4F005C7918 /* Localizable.strings */ = {
			isa = PBXVariantGroup;
			children = (
				969458672AA6AE4F005C7918 /* es-419 */,
			);
			name = Localizable.strings;
			sourceTree = "<group>";
		};
/* End PBXVariantGroup section */

/* Begin XCBuildConfiguration section */
		964450372AA2D80900EB116E /* Debug */ = {
			isa = XCBuildConfiguration;
			buildSettings = {
				ALWAYS_SEARCH_USER_PATHS = NO;
				CLANG_ANALYZER_NONNULL = YES;
				CLANG_ANALYZER_NUMBER_OBJECT_CONVERSION = YES_AGGRESSIVE;
				CLANG_CXX_LANGUAGE_STANDARD = "gnu++20";
				CLANG_ENABLE_MODULES = YES;
				CLANG_ENABLE_OBJC_ARC = YES;
				CLANG_ENABLE_OBJC_WEAK = YES;
				CLANG_WARN_BLOCK_CAPTURE_AUTORELEASING = YES;
				CLANG_WARN_BOOL_CONVERSION = YES;
				CLANG_WARN_COMMA = YES;
				CLANG_WARN_CONSTANT_CONVERSION = YES;
				CLANG_WARN_DEPRECATED_OBJC_IMPLEMENTATIONS = YES;
				CLANG_WARN_DIRECT_OBJC_ISA_USAGE = YES_ERROR;
				CLANG_WARN_DOCUMENTATION_COMMENTS = YES;
				CLANG_WARN_EMPTY_BODY = YES;
				CLANG_WARN_ENUM_CONVERSION = YES;
				CLANG_WARN_INFINITE_RECURSION = YES;
				CLANG_WARN_INT_CONVERSION = YES;
				CLANG_WARN_NON_LITERAL_NULL_CONVERSION = YES;
				CLANG_WARN_OBJC_IMPLICIT_RETAIN_SELF = YES;
				CLANG_WARN_OBJC_LITERAL_CONVERSION = YES;
				CLANG_WARN_OBJC_ROOT_CLASS = YES_ERROR;
				CLANG_WARN_QUOTED_INCLUDE_IN_FRAMEWORK_HEADER = YES;
				CLANG_WARN_RANGE_LOOP_ANALYSIS = YES;
				CLANG_WARN_STRICT_PROTOTYPES = YES;
				CLANG_WARN_SUSPICIOUS_MOVE = YES;
				CLANG_WARN_UNGUARDED_AVAILABILITY = YES_AGGRESSIVE;
				CLANG_WARN_UNREACHABLE_CODE = YES;
				CLANG_WARN__DUPLICATE_METHOD_MATCH = YES;
				COPY_PHASE_STRIP = NO;
				DEBUG_INFORMATION_FORMAT = dwarf;
				ENABLE_STRICT_OBJC_MSGSEND = YES;
				ENABLE_TESTABILITY = YES;
				GCC_C_LANGUAGE_STANDARD = gnu11;
				GCC_DYNAMIC_NO_PIC = NO;
				GCC_NO_COMMON_BLOCKS = YES;
				GCC_OPTIMIZATION_LEVEL = 0;
				GCC_PREPROCESSOR_DEFINITIONS = (
					"DEBUG=1",
					"$(inherited)",
				);
				GCC_WARN_64_TO_32_BIT_CONVERSION = YES;
				GCC_WARN_ABOUT_RETURN_TYPE = YES_ERROR;
				GCC_WARN_UNDECLARED_SELECTOR = YES;
				GCC_WARN_UNINITIALIZED_AUTOS = YES_AGGRESSIVE;
				GCC_WARN_UNUSED_FUNCTION = YES;
				GCC_WARN_UNUSED_VARIABLE = YES;
				IPHONEOS_DEPLOYMENT_TARGET = 16.4;
				MTL_ENABLE_DEBUG_INFO = INCLUDE_SOURCE;
				MTL_FAST_MATH = YES;
				ONLY_ACTIVE_ARCH = YES;
				SDKROOT = iphoneos;
				SWIFT_ACTIVE_COMPILATION_CONDITIONS = DEBUG;
				SWIFT_OPTIMIZATION_LEVEL = "-Onone";
			};
			name = Debug;
		};
		964450382AA2D80900EB116E /* Release */ = {
			isa = XCBuildConfiguration;
			buildSettings = {
				ALWAYS_SEARCH_USER_PATHS = NO;
				CLANG_ANALYZER_NONNULL = YES;
				CLANG_ANALYZER_NUMBER_OBJECT_CONVERSION = YES_AGGRESSIVE;
				CLANG_CXX_LANGUAGE_STANDARD = "gnu++20";
				CLANG_ENABLE_MODULES = YES;
				CLANG_ENABLE_OBJC_ARC = YES;
				CLANG_ENABLE_OBJC_WEAK = YES;
				CLANG_WARN_BLOCK_CAPTURE_AUTORELEASING = YES;
				CLANG_WARN_BOOL_CONVERSION = YES;
				CLANG_WARN_COMMA = YES;
				CLANG_WARN_CONSTANT_CONVERSION = YES;
				CLANG_WARN_DEPRECATED_OBJC_IMPLEMENTATIONS = YES;
				CLANG_WARN_DIRECT_OBJC_ISA_USAGE = YES_ERROR;
				CLANG_WARN_DOCUMENTATION_COMMENTS = YES;
				CLANG_WARN_EMPTY_BODY = YES;
				CLANG_WARN_ENUM_CONVERSION = YES;
				CLANG_WARN_INFINITE_RECURSION = YES;
				CLANG_WARN_INT_CONVERSION = YES;
				CLANG_WARN_NON_LITERAL_NULL_CONVERSION = YES;
				CLANG_WARN_OBJC_IMPLICIT_RETAIN_SELF = YES;
				CLANG_WARN_OBJC_LITERAL_CONVERSION = YES;
				CLANG_WARN_OBJC_ROOT_CLASS = YES_ERROR;
				CLANG_WARN_QUOTED_INCLUDE_IN_FRAMEWORK_HEADER = YES;
				CLANG_WARN_RANGE_LOOP_ANALYSIS = YES;
				CLANG_WARN_STRICT_PROTOTYPES = YES;
				CLANG_WARN_SUSPICIOUS_MOVE = YES;
				CLANG_WARN_UNGUARDED_AVAILABILITY = YES_AGGRESSIVE;
				CLANG_WARN_UNREACHABLE_CODE = YES;
				CLANG_WARN__DUPLICATE_METHOD_MATCH = YES;
				COPY_PHASE_STRIP = NO;
				DEBUG_INFORMATION_FORMAT = "dwarf-with-dsym";
				ENABLE_NS_ASSERTIONS = NO;
				ENABLE_STRICT_OBJC_MSGSEND = YES;
				GCC_C_LANGUAGE_STANDARD = gnu11;
				GCC_NO_COMMON_BLOCKS = YES;
				GCC_WARN_64_TO_32_BIT_CONVERSION = YES;
				GCC_WARN_ABOUT_RETURN_TYPE = YES_ERROR;
				GCC_WARN_UNDECLARED_SELECTOR = YES;
				GCC_WARN_UNINITIALIZED_AUTOS = YES_AGGRESSIVE;
				GCC_WARN_UNUSED_FUNCTION = YES;
				GCC_WARN_UNUSED_VARIABLE = YES;
				IPHONEOS_DEPLOYMENT_TARGET = 16.4;
				MTL_ENABLE_DEBUG_INFO = NO;
				MTL_FAST_MATH = YES;
				SDKROOT = iphoneos;
				SWIFT_COMPILATION_MODE = wholemodule;
				SWIFT_OPTIMIZATION_LEVEL = "-O";
				VALIDATE_PRODUCT = YES;
			};
			name = Release;
		};
		9644503A2AA2D80900EB116E /* Debug */ = {
			isa = XCBuildConfiguration;
			buildSettings = {
				ASSETCATALOG_COMPILER_APPICON_NAME = AppIcon;
				ASSETCATALOG_COMPILER_GLOBAL_ACCENT_COLOR_NAME = AccentColor;
				CODE_SIGN_STYLE = Automatic;
				CURRENT_PROJECT_VERSION = 1.0.0;
				DEVELOPMENT_ASSET_PATHS = "\"Holidaysss/Preview Content\"";
				DEVELOPMENT_TEAM = 96583FPNGW;
				ENABLE_PREVIEWS = YES;
				GENERATE_INFOPLIST_FILE = YES;
				INFOPLIST_KEY_CFBundleDisplayName = ChileFest;
				INFOPLIST_KEY_LSApplicationCategoryType = "public.app-category.news";
				INFOPLIST_KEY_UIApplicationSceneManifest_Generation = YES;
				INFOPLIST_KEY_UIApplicationSupportsIndirectInputEvents = YES;
				INFOPLIST_KEY_UILaunchScreen_Generation = YES;
				INFOPLIST_KEY_UISupportedInterfaceOrientations = UIInterfaceOrientationPortrait;
				INFOPLIST_KEY_UISupportedInterfaceOrientations_iPad = "UIInterfaceOrientationLandscapeLeft UIInterfaceOrientationLandscapeRight UIInterfaceOrientationPortrait UIInterfaceOrientationPortraitUpsideDown";
				LD_RUNPATH_SEARCH_PATHS = (
					"$(inherited)",
					"@executable_path/Frameworks",
				);
				MARKETING_VERSION = 1.0.0;
				PRODUCT_BUNDLE_IDENTIFIER = com.jghg02.Holidaysss;
				PRODUCT_NAME = "$(TARGET_NAME)";
				SWIFT_EMIT_LOC_STRINGS = YES;
				SWIFT_VERSION = 5.0;
				TARGETED_DEVICE_FAMILY = "1,2";
			};
			name = Debug;
		};
		9644503B2AA2D80900EB116E /* Release */ = {
			isa = XCBuildConfiguration;
			buildSettings = {
				ASSETCATALOG_COMPILER_APPICON_NAME = AppIcon;
				ASSETCATALOG_COMPILER_GLOBAL_ACCENT_COLOR_NAME = AccentColor;
				CODE_SIGN_STYLE = Automatic;
				CURRENT_PROJECT_VERSION = 1.0.0;
				DEVELOPMENT_ASSET_PATHS = "\"Holidaysss/Preview Content\"";
				DEVELOPMENT_TEAM = 96583FPNGW;
				ENABLE_PREVIEWS = YES;
				GENERATE_INFOPLIST_FILE = YES;
				INFOPLIST_KEY_CFBundleDisplayName = ChileFest;
				INFOPLIST_KEY_LSApplicationCategoryType = "public.app-category.news";
				INFOPLIST_KEY_UIApplicationSceneManifest_Generation = YES;
				INFOPLIST_KEY_UIApplicationSupportsIndirectInputEvents = YES;
				INFOPLIST_KEY_UILaunchScreen_Generation = YES;
				INFOPLIST_KEY_UISupportedInterfaceOrientations = UIInterfaceOrientationPortrait;
				INFOPLIST_KEY_UISupportedInterfaceOrientations_iPad = "UIInterfaceOrientationLandscapeLeft UIInterfaceOrientationLandscapeRight UIInterfaceOrientationPortrait UIInterfaceOrientationPortraitUpsideDown";
				LD_RUNPATH_SEARCH_PATHS = (
					"$(inherited)",
					"@executable_path/Frameworks",
				);
				MARKETING_VERSION = 1.0.0;
				PRODUCT_BUNDLE_IDENTIFIER = com.jghg02.Holidaysss;
				PRODUCT_NAME = "$(TARGET_NAME)";
				SWIFT_EMIT_LOC_STRINGS = YES;
				SWIFT_VERSION = 5.0;
				TARGETED_DEVICE_FAMILY = "1,2";
			};
			name = Release;
		};
		9644503D2AA2D80900EB116E /* Debug */ = {
			isa = XCBuildConfiguration;
			buildSettings = {
				ALWAYS_EMBED_SWIFT_STANDARD_LIBRARIES = YES;
				BUNDLE_LOADER = "$(TEST_HOST)";
				CODE_SIGN_STYLE = Automatic;
				CURRENT_PROJECT_VERSION = 1;
				GENERATE_INFOPLIST_FILE = YES;
				IPHONEOS_DEPLOYMENT_TARGET = 16.4;
				MARKETING_VERSION = 1.0;
				PRODUCT_BUNDLE_IDENTIFIER = com.jghg02.HolidaysssTests;
				PRODUCT_NAME = "$(TARGET_NAME)";
				SWIFT_EMIT_LOC_STRINGS = NO;
				SWIFT_VERSION = 5.0;
				TARGETED_DEVICE_FAMILY = "1,2";
				TEST_HOST = "$(BUILT_PRODUCTS_DIR)/Holidaysss.app/$(BUNDLE_EXECUTABLE_FOLDER_PATH)/Holidaysss";
			};
			name = Debug;
		};
		9644503E2AA2D80900EB116E /* Release */ = {
			isa = XCBuildConfiguration;
			buildSettings = {
				ALWAYS_EMBED_SWIFT_STANDARD_LIBRARIES = YES;
				BUNDLE_LOADER = "$(TEST_HOST)";
				CODE_SIGN_STYLE = Automatic;
				CURRENT_PROJECT_VERSION = 1;
				GENERATE_INFOPLIST_FILE = YES;
				IPHONEOS_DEPLOYMENT_TARGET = 16.4;
				MARKETING_VERSION = 1.0;
				PRODUCT_BUNDLE_IDENTIFIER = com.jghg02.HolidaysssTests;
				PRODUCT_NAME = "$(TARGET_NAME)";
				SWIFT_EMIT_LOC_STRINGS = NO;
				SWIFT_VERSION = 5.0;
				TARGETED_DEVICE_FAMILY = "1,2";
				TEST_HOST = "$(BUILT_PRODUCTS_DIR)/Holidaysss.app/$(BUNDLE_EXECUTABLE_FOLDER_PATH)/Holidaysss";
			};
			name = Release;
		};
		964450402AA2D80900EB116E /* Debug */ = {
			isa = XCBuildConfiguration;
			buildSettings = {
				ALWAYS_EMBED_SWIFT_STANDARD_LIBRARIES = YES;
				CODE_SIGN_STYLE = Automatic;
				CURRENT_PROJECT_VERSION = 1;
				GENERATE_INFOPLIST_FILE = YES;
				MARKETING_VERSION = 1.0;
				PRODUCT_BUNDLE_IDENTIFIER = com.jghg02.HolidaysssUITests;
				PRODUCT_NAME = "$(TARGET_NAME)";
				SWIFT_EMIT_LOC_STRINGS = NO;
				SWIFT_VERSION = 5.0;
				TARGETED_DEVICE_FAMILY = "1,2";
				TEST_TARGET_NAME = Holidaysss;
			};
			name = Debug;
		};
		964450412AA2D80900EB116E /* Release */ = {
			isa = XCBuildConfiguration;
			buildSettings = {
				ALWAYS_EMBED_SWIFT_STANDARD_LIBRARIES = YES;
				CODE_SIGN_STYLE = Automatic;
				CURRENT_PROJECT_VERSION = 1;
				GENERATE_INFOPLIST_FILE = YES;
				MARKETING_VERSION = 1.0;
				PRODUCT_BUNDLE_IDENTIFIER = com.jghg02.HolidaysssUITests;
				PRODUCT_NAME = "$(TARGET_NAME)";
				SWIFT_EMIT_LOC_STRINGS = NO;
				SWIFT_VERSION = 5.0;
				TARGETED_DEVICE_FAMILY = "1,2";
				TEST_TARGET_NAME = Holidaysss;
			};
			name = Release;
		};
/* End XCBuildConfiguration section */

/* Begin XCConfigurationList section */
		964450102AA2D80300EB116E /* Build configuration list for PBXProject "Holidaysss" */ = {
			isa = XCConfigurationList;
			buildConfigurations = (
				964450372AA2D80900EB116E /* Debug */,
				964450382AA2D80900EB116E /* Release */,
			);
			defaultConfigurationIsVisible = 0;
			defaultConfigurationName = Release;
		};
		964450392AA2D80900EB116E /* Build configuration list for PBXNativeTarget "Holidaysss" */ = {
			isa = XCConfigurationList;
			buildConfigurations = (
				9644503A2AA2D80900EB116E /* Debug */,
				9644503B2AA2D80900EB116E /* Release */,
			);
			defaultConfigurationIsVisible = 0;
			defaultConfigurationName = Release;
		};
		9644503C2AA2D80900EB116E /* Build configuration list for PBXNativeTarget "HolidaysssTests" */ = {
			isa = XCConfigurationList;
			buildConfigurations = (
				9644503D2AA2D80900EB116E /* Debug */,
				9644503E2AA2D80900EB116E /* Release */,
			);
			defaultConfigurationIsVisible = 0;
			defaultConfigurationName = Release;
		};
		9644503F2AA2D80900EB116E /* Build configuration list for PBXNativeTarget "HolidaysssUITests" */ = {
			isa = XCConfigurationList;
			buildConfigurations = (
				964450402AA2D80900EB116E /* Debug */,
				964450412AA2D80900EB116E /* Release */,
			);
			defaultConfigurationIsVisible = 0;
			defaultConfigurationName = Release;
		};
/* End XCConfigurationList section */

/* Begin XCRemoteSwiftPackageReference section */
		9644504F2AA633FD00EB116E /* XCRemoteSwiftPackageReference "NET" */ = {
			isa = XCRemoteSwiftPackageReference;
			repositoryURL = "https://github.com/jghg02/NET";
			requirement = {
				branch = main;
				kind = branch;
			};
		};
		96A4B7A02AA7898D00E332AE /* XCRemoteSwiftPackageReference "lottie-ios" */ = {
			isa = XCRemoteSwiftPackageReference;
			repositoryURL = "https://github.com/airbnb/lottie-ios";
			requirement = {
				kind = upToNextMajorVersion;
				minimumVersion = 4.0.0;
			};
		};
/* End XCRemoteSwiftPackageReference section */

/* Begin XCSwiftPackageProductDependency section */
		964450502AA633FD00EB116E /* NET */ = {
			isa = XCSwiftPackageProductDependency;
			package = 9644504F2AA633FD00EB116E /* XCRemoteSwiftPackageReference "NET" */;
			productName = NET;
		};
		96A4B7A12AA7898D00E332AE /* Lottie */ = {
			isa = XCSwiftPackageProductDependency;
			package = 96A4B7A02AA7898D00E332AE /* XCRemoteSwiftPackageReference "lottie-ios" */;
			productName = Lottie;
		};
/* End XCSwiftPackageProductDependency section */
	};
	rootObject = 9644500D2AA2D80300EB116E /* Project object */;
}
