{
  "pins" : [
    {
      "identity" : "lottie-ios",
      "kind" : "remoteSourceControl",
      "location" : "https://github.com/airbnb/lottie-ios",
      "state" : {
        "revision" : "d6feea26a370019b4d3a85f5984cb95a2734776f",
        "version" : "4.2.0"
      }
    },
    {
      "identity" : "net",
      "kind" : "remoteSourceControl",
      "location" : "https://github.com/jghg02/NET",
      "state" : {
        "branch" : "main",
        "revision" : "ce012ee66978c41bdc1d91ed2d1a61efbd557744"
      }
    }
  ],
  "version" : 2
}
